// !$*UTF8*$!
{
	archiveVersion = 1;
	classes = {
	};
	objectVersion = 56;
	objects = {

/* Begin PBXContainerItemProxy section */
		275238C62ACEC7D700D3EA1A /* PBXContainerItemProxy */ = {
			isa = PBXContainerItemProxy;
			containerPortal = 275238C22ACEC7D700D3EA1A /* Project1.xcodeproj */;
			proxyType = 2;
			remoteGlobalIDString = 275238762ACEA10C00D3EA1A;
			remoteInfo = Project1;
		};
/* End PBXContainerItemProxy section */

/* Begin PBXFileReference section */
		275238AD2ACEC7D700D3EA1A /* ViewController.swift */ = {isa = PBXFileReference; lastKnownFileType = sourcecode.swift; path = ViewController.swift; sourceTree = "<group>"; };
		275238AE2ACEC7D700D3EA1A /* DetailViewController.swift */ = {isa = PBXFileReference; lastKnownFileType = sourcecode.swift; path = DetailViewController.swift; sourceTree = "<group>"; };
		275238AF2ACEC7D700D3EA1A /* Assets.xcassets */ = {isa = PBXFileReference; lastKnownFileType = folder.assetcatalog; path = Assets.xcassets; sourceTree = "<group>"; };
		275238B12ACEC7D700D3EA1A /* nssl0049.jpg */ = {isa = PBXFileReference; lastKnownFileType = image.jpeg; path = nssl0049.jpg; sourceTree = "<group>"; };
		275238B22ACEC7D700D3EA1A /* nssl0046.jpg */ = {isa = PBXFileReference; lastKnownFileType = image.jpeg; path = nssl0046.jpg; sourceTree = "<group>"; };
		275238B32ACEC7D700D3EA1A /* nssl0091.jpg */ = {isa = PBXFileReference; lastKnownFileType = image.jpeg; path = nssl0091.jpg; sourceTree = "<group>"; };
		275238B42ACEC7D700D3EA1A /* nssl0045.jpg */ = {isa = PBXFileReference; lastKnownFileType = image.jpeg; path = nssl0045.jpg; sourceTree = "<group>"; };
		275238B52ACEC7D700D3EA1A /* nssl0051.jpg */ = {isa = PBXFileReference; lastKnownFileType = image.jpeg; path = nssl0051.jpg; sourceTree = "<group>"; };
		275238B62ACEC7D700D3EA1A /* nssl0041.jpg */ = {isa = PBXFileReference; lastKnownFileType = image.jpeg; path = nssl0041.jpg; sourceTree = "<group>"; };
		275238B72ACEC7D700D3EA1A /* nssl0042.jpg */ = {isa = PBXFileReference; lastKnownFileType = image.jpeg; path = nssl0042.jpg; sourceTree = "<group>"; };
		275238B82ACEC7D700D3EA1A /* nssl0043.jpg */ = {isa = PBXFileReference; lastKnownFileType = image.jpeg; path = nssl0043.jpg; sourceTree = "<group>"; };
		275238B92ACEC7D700D3EA1A /* nssl0033.jpg */ = {isa = PBXFileReference; lastKnownFileType = image.jpeg; path = nssl0033.jpg; sourceTree = "<group>"; };
		275238BA2ACEC7D700D3EA1A /* nssl0034.jpg */ = {isa = PBXFileReference; lastKnownFileType = image.jpeg; path = nssl0034.jpg; sourceTree = "<group>"; };
		275238BC2ACEC7D700D3EA1A /* Base */ = {isa = PBXFileReference; lastKnownFileType = file.storyboard; name = Base; path = Base.lproj/LaunchScreen.storyboard; sourceTree = "<group>"; };
		275238BE2ACEC7D700D3EA1A /* Base */ = {isa = PBXFileReference; lastKnownFileType = file.storyboard; name = Base; path = Base.lproj/Main.storyboard; sourceTree = "<group>"; };
		275238BF2ACEC7D700D3EA1A /* AppDelegate.swift */ = {isa = PBXFileReference; lastKnownFileType = sourcecode.swift; path = AppDelegate.swift; sourceTree = "<group>"; };
		275238C02ACEC7D700D3EA1A /* Info.plist */ = {isa = PBXFileReference; lastKnownFileType = text.plist.xml; path = Info.plist; sourceTree = "<group>"; };
		275238C12ACEC7D700D3EA1A /* SceneDelegate.swift */ = {isa = PBXFileReference; lastKnownFileType = sourcecode.swift; path = SceneDelegate.swift; sourceTree = "<group>"; };
		275238C22ACEC7D700D3EA1A /* Project1.xcodeproj */ = {isa = PBXFileReference; lastKnownFileType = "wrapper.pb-project"; path = Project1.xcodeproj; sourceTree = "<group>"; };
/* End PBXFileReference section */

/* Begin PBXGroup section */
		275238A42ACEC7C100D3EA1A = {
			isa = PBXGroup;
			children = (
				275238AB2ACEC7D700D3EA1A /* Project1 */,
			);
			sourceTree = "<group>";
		};
		275238AB2ACEC7D700D3EA1A /* Project1 */ = {
			isa = PBXGroup;
			children = (
				275238AC2ACEC7D700D3EA1A /* Day16ToDay18 */,
				275238C22ACEC7D700D3EA1A /* Project1.xcodeproj */,
			);
			path = Project1;
			sourceTree = "<group>";
		};
		275238AC2ACEC7D700D3EA1A /* Day16ToDay18 */ = {
			isa = PBXGroup;
			children = (
				275238AD2ACEC7D700D3EA1A /* ViewController.swift */,
				275238AE2ACEC7D700D3EA1A /* DetailViewController.swift */,
				275238AF2ACEC7D700D3EA1A /* Assets.xcassets */,
				275238B02ACEC7D700D3EA1A /* Content */,
				275238BB2ACEC7D700D3EA1A /* LaunchScreen.storyboard */,
				275238BD2ACEC7D700D3EA1A /* Main.storyboard */,
				275238BF2ACEC7D700D3EA1A /* AppDelegate.swift */,
				275238C02ACEC7D700D3EA1A /* Info.plist */,
				275238C12ACEC7D700D3EA1A /* SceneDelegate.swift */,
			);
			path = Day16ToDay18;
			sourceTree = "<group>";
		};
		275238B02ACEC7D700D3EA1A /* Content */ = {
			isa = PBXGroup;
			children = (
				275238B12ACEC7D700D3EA1A /* nssl0049.jpg */,
				275238B22ACEC7D700D3EA1A /* nssl0046.jpg */,
				275238B32ACEC7D700D3EA1A /* nssl0091.jpg */,
				275238B42ACEC7D700D3EA1A /* nssl0045.jpg */,
				275238B52ACEC7D700D3EA1A /* nssl0051.jpg */,
				275238B62ACEC7D700D3EA1A /* nssl0041.jpg */,
				275238B72ACEC7D700D3EA1A /* nssl0042.jpg */,
				275238B82ACEC7D700D3EA1A /* nssl0043.jpg */,
				275238B92ACEC7D700D3EA1A /* nssl0033.jpg */,
				275238BA2ACEC7D700D3EA1A /* nssl0034.jpg */,
			);
			path = Content;
			sourceTree = "<group>";
		};
		275238C32ACEC7D700D3EA1A /* Products */ = {
			isa = PBXGroup;
			children = (
				275238C72ACEC7D700D3EA1A /* Project1.app */,
			);
			name = Products;
			sourceTree = "<group>";
		};
/* End PBXGroup section */

/* Begin PBXProject section */
		275238A52ACEC7C100D3EA1A /* Project object */ = {
			isa = PBXProject;
			attributes = {
				BuildIndependentTargetsInParallel = 1;
				LastUpgradeCheck = 1500;
			};
			buildConfigurationList = 275238A82ACEC7C100D3EA1A /* Build configuration list for PBXProject "100DaysOfSwift" */;
			compatibilityVersion = "Xcode 14.0";
			developmentRegion = en;
			hasScannedForEncodings = 0;
			knownRegions = (
				en,
				Base,
			);
			mainGroup = 275238A42ACEC7C100D3EA1A;
			projectDirPath = "";
			projectReferences = (
				{
					ProductGroup = 275238C32ACEC7D700D3EA1A /* Products */;
					ProjectRef = 275238C22ACEC7D700D3EA1A /* Project1.xcodeproj */;
				},
			);
			projectRoot = "";
			targets = (
			);
		};
/* End PBXProject section */

/* Begin PBXReferenceProxy section */
		275238C72ACEC7D700D3EA1A /* Project1.app */ = {
			isa = PBXReferenceProxy;
			fileType = wrapper.application;
			path = Project1.app;
			remoteRef = 275238C62ACEC7D700D3EA1A /* PBXContainerItemProxy */;
			sourceTree = BUILT_PRODUCTS_DIR;
		};
/* End PBXReferenceProxy section */

/* Begin PBXVariantGroup section */
		275238BB2ACEC7D700D3EA1A /* LaunchScreen.storyboard */ = {
			isa = PBXVariantGroup;
			children = (
				275238BC2ACEC7D700D3EA1A /* Base */,
			);
			name = LaunchScreen.storyboard;
			sourceTree = "<group>";
		};
		275238BD2ACEC7D700D3EA1A /* Main.storyboard */ = {
			isa = PBXVariantGroup;
			children = (
				275238BE2ACEC7D700D3EA1A /* Base */,
			);
			name = Main.storyboard;
			sourceTree = "<group>";
		};
/* End PBXVariantGroup section */

/* Begin XCBuildConfiguration section */
		275238A92ACEC7C100D3EA1A /* Debug */ = {
			isa = XCBuildConfiguration;
			buildSettings = {
			};
			name = Debug;
		};
		275238AA2ACEC7C100D3EA1A /* Release */ = {
			isa = XCBuildConfiguration;
			buildSettings = {
			};
			name = Release;
		};
/* End XCBuildConfiguration section */

/* Begin XCConfigurationList section */
		275238A82ACEC7C100D3EA1A /* Build configuration list for PBXProject "100DaysOfSwift" */ = {
			isa = XCConfigurationList;
			buildConfigurations = (
				275238A92ACEC7C100D3EA1A /* Debug */,
				275238AA2ACEC7C100D3EA1A /* Release */,
			);
			defaultConfigurationIsVisible = 0;
			defaultConfigurationName = Release;
		};
/* End XCConfigurationList section */
	};
	rootObject = 275238A52ACEC7C100D3EA1A /* Project object */;
}
